
Microsoft Visual Studio Solution File, Format Version 12.00
Project("{FAE04EC0-301F-11D3-BF4B-00C04F79EFBC}") = "Domain", "Domain\Domain.csproj", "{55350C05-2535-465D-9F6A-A9431EFDCFFB}"
EndProject
Project("{FAE04EC0-301F-11D3-BF4B-00C04F79EFBC}") = "Client", "Client\Client.csproj", "{D0102608-8DE8-4F88-97BA-7CD1AC0E5E17}"
EndProject
Project("{FAE04EC0-301F-11D3-BF4B-00C04F79EFBC}") = "Server", "Server\Server.csproj", "{88C7DDA5-4FB8-4142-8365-AB3027986B8B}"
EndProject
Project("{FAE04EC0-301F-11D3-BF4B-00C04F79EFBC}") = "Protocol", "Protocol\Protocol.csproj", "{5D51A8CB-EEA2-434A-AF81-47143B6409B2}"
EndProject
Project("{FAE04EC0-301F-11D3-BF4B-00C04F79EFBC}") = "DataAccess", "DataAccess\DataAccess.csproj", "{08476D90-835D-45B7-82DF-D5437ACB4F2A}"
EndProject
Global
	GlobalSection(SolutionConfigurationPlatforms) = preSolution
		Debug|Any CPU = Debug|Any CPU
		Release|Any CPU = Release|Any CPU
	EndGlobalSection
	GlobalSection(ProjectConfigurationPlatforms) = postSolution
		{55350C05-2535-465D-9F6A-A9431EFDCFFB}.Debug|Any CPU.ActiveCfg = Debug|Any CPU
		{55350C05-2535-465D-9F6A-A9431EFDCFFB}.Debug|Any CPU.Build.0 = Debug|Any CPU
		{55350C05-2535-465D-9F6A-A9431EFDCFFB}.Release|Any CPU.ActiveCfg = Release|Any CPU
		{55350C05-2535-465D-9F6A-A9431EFDCFFB}.Release|Any CPU.Build.0 = Release|Any CPU
		{D0102608-8DE8-4F88-97BA-7CD1AC0E5E17}.Debug|Any CPU.ActiveCfg = Debug|Any CPU
		{D0102608-8DE8-4F88-97BA-7CD1AC0E5E17}.Debug|Any CPU.Build.0 = Debug|Any CPU
		{D0102608-8DE8-4F88-97BA-7CD1AC0E5E17}.Release|Any CPU.ActiveCfg = Release|Any CPU
		{D0102608-8DE8-4F88-97BA-7CD1AC0E5E17}.Release|Any CPU.Build.0 = Release|Any CPU
		{88C7DDA5-4FB8-4142-8365-AB3027986B8B}.Debug|Any CPU.ActiveCfg = Debug|Any CPU
		{88C7DDA5-4FB8-4142-8365-AB3027986B8B}.Debug|Any CPU.Build.0 = Debug|Any CPU
		{88C7DDA5-4FB8-4142-8365-AB3027986B8B}.Release|Any CPU.ActiveCfg = Release|Any CPU
		{88C7DDA5-4FB8-4142-8365-AB3027986B8B}.Release|Any CPU.Build.0 = Release|Any CPU
		{5D51A8CB-EEA2-434A-AF81-47143B6409B2}.Debug|Any CPU.ActiveCfg = Debug|Any CPU
		{5D51A8CB-EEA2-434A-AF81-47143B6409B2}.Debug|Any CPU.Build.0 = Debug|Any CPU
		{5D51A8CB-EEA2-434A-AF81-47143B6409B2}.Release|Any CPU.ActiveCfg = Release|Any CPU
		{5D51A8CB-EEA2-434A-AF81-47143B6409B2}.Release|Any CPU.Build.0 = Release|Any CPU
		{08476D90-835D-45B7-82DF-D5437ACB4F2A}.Debug|Any CPU.ActiveCfg = Debug|Any CPU
		{08476D90-835D-45B7-82DF-D5437ACB4F2A}.Debug|Any CPU.Build.0 = Debug|Any CPU
		{08476D90-835D-45B7-82DF-D5437ACB4F2A}.Release|Any CPU.ActiveCfg = Release|Any CPU
		{08476D90-835D-45B7-82DF-D5437ACB4F2A}.Release|Any CPU.Build.0 = Release|Any CPU
	EndGlobalSection
EndGlobal
